// !$*UTF8*$!
{
	archiveVersion = 1;
	classes = {
	};
	objectVersion = 50;
	objects = {

/* Begin PBXBuildFile section */
		F20E9D1E21896FE8002C36CC /* Node.swift in Sources */ = {isa = PBXBuildFile; fileRef = F2D04B152183C5DD00305EB7 /* Node.swift */; };
		F20E9D2221897E8B002C36CC /* UIPathNode.swift in Sources */ = {isa = PBXBuildFile; fileRef = F20E9D2121897E8B002C36CC /* UIPathNode.swift */; };
		F21CE4E5218571E9000D8CD5 /* NodeScene.swift in Sources */ = {isa = PBXBuildFile; fileRef = F21CE4E4218571E9000D8CD5 /* NodeScene.swift */; };
		F21CE5172187C4CE000D8CD5 /* NodeTree.swift in Sources */ = {isa = PBXBuildFile; fileRef = F21CE5162187C4CE000D8CD5 /* NodeTree.swift */; };
		F22673B6218F90C5006A02A5 /* NodesOutputManager.swift in Sources */ = {isa = PBXBuildFile; fileRef = F22673B5218F90C5006A02A5 /* NodesOutputManager.swift */; };
		F22673BA218FA0A0006A02A5 /* NodesManager.swift in Sources */ = {isa = PBXBuildFile; fileRef = F22673B9218FA0A0006A02A5 /* NodesManager.swift */; };
		F22673BC218FA2EC006A02A5 /* LogicManager.swift in Sources */ = {isa = PBXBuildFile; fileRef = F22673BB218FA2EC006A02A5 /* LogicManager.swift */; };
		F22D59E821828F9B0004B078 /* ShapeNodeController.swift in Sources */ = {isa = PBXBuildFile; fileRef = F22D59E721828F9B0004B078 /* ShapeNodeController.swift */; };
		F22D59EA2186B4BC0004B078 /* InputController.swift in Sources */ = {isa = PBXBuildFile; fileRef = F22D59E92186B4BB0004B078 /* InputController.swift */; };
		F22D59ED2186BEB20004B078 /* NodesModelController.swift in Sources */ = {isa = PBXBuildFile; fileRef = F22D59EC2186BEB20004B078 /* NodesModelController.swift */; };
		F22D59F02186C3610004B078 /* SceneController.swift in Sources */ = {isa = PBXBuildFile; fileRef = F22D59EF2186C3610004B078 /* SceneController.swift */; };
		F22D59F22186DE240004B078 /* NodesModel.swift in Sources */ = {isa = PBXBuildFile; fileRef = F22D59F12186DE240004B078 /* NodesModel.swift */; };
		F263147021918395007CD683 /* Evaluator.swift in Sources */ = {isa = PBXBuildFile; fileRef = F263146621918394007CD683 /* Evaluator.swift */; };
		F263147121918395007CD683 /* Facts.swift in Sources */ = {isa = PBXBuildFile; fileRef = F263146721918394007CD683 /* Facts.swift */; };
		F263147221918395007CD683 /* Vocab.swift in Sources */ = {isa = PBXBuildFile; fileRef = F263146821918394007CD683 /* Vocab.swift */; };
		F263147321918395007CD683 /* PremiseExpander.swift in Sources */ = {isa = PBXBuildFile; fileRef = F263146921918395007CD683 /* PremiseExpander.swift */; };
		F263147421918395007CD683 /* Stack.swift in Sources */ = {isa = PBXBuildFile; fileRef = F263146A21918395007CD683 /* Stack.swift */; };
		F263147521918395007CD683 /* Predicate.swift in Sources */ = {isa = PBXBuildFile; fileRef = F263146B21918395007CD683 /* Predicate.swift */; };
		F263147621918395007CD683 /* LogicSystem.swift in Sources */ = {isa = PBXBuildFile; fileRef = F263146C21918395007CD683 /* LogicSystem.swift */; };
		F263147721918395007CD683 /* LogicInterface.swift in Sources */ = {isa = PBXBuildFile; fileRef = F263146D21918395007CD683 /* LogicInterface.swift */; };
		F263147821918395007CD683 /* TreeGraph.swift in Sources */ = {isa = PBXBuildFile; fileRef = F263146E21918395007CD683 /* TreeGraph.swift */; };
		F263147921918395007CD683 /* PremiseTable.swift in Sources */ = {isa = PBXBuildFile; fileRef = F263146F21918395007CD683 /* PremiseTable.swift */; };
		F2CF80582180EE69005194EB /* AppDelegate.swift in Sources */ = {isa = PBXBuildFile; fileRef = F2CF80572180EE69005194EB /* AppDelegate.swift */; };
		F2CF805A2180EE69005194EB /* GameScene.sks in Resources */ = {isa = PBXBuildFile; fileRef = F2CF80592180EE69005194EB /* GameScene.sks */; };
		F2CF805C2180EE69005194EB /* Actions.sks in Resources */ = {isa = PBXBuildFile; fileRef = F2CF805B2180EE69005194EB /* Actions.sks */; };
		F2CF805E2180EE69005194EB /* GameScene.swift in Sources */ = {isa = PBXBuildFile; fileRef = F2CF805D2180EE69005194EB /* GameScene.swift */; };
		F2CF80602180EE69005194EB /* NodesFieldViewController.swift in Sources */ = {isa = PBXBuildFile; fileRef = F2CF805F2180EE69005194EB /* NodesFieldViewController.swift */; };
		F2CF80622180EE6B005194EB /* Assets.xcassets in Resources */ = {isa = PBXBuildFile; fileRef = F2CF80612180EE6B005194EB /* Assets.xcassets */; };
		F2CF80652180EE6B005194EB /* Main.storyboard in Resources */ = {isa = PBXBuildFile; fileRef = F2CF80632180EE6B005194EB /* Main.storyboard */; };
		F2CF80712180EE6B005194EB /* ModelTests.swift in Sources */ = {isa = PBXBuildFile; fileRef = F2CF80702180EE6B005194EB /* ModelTests.swift */; };
		F2CF807D2180EF67005194EB /* SerialPathNode.swift in Sources */ = {isa = PBXBuildFile; fileRef = F2CF807C2180EF67005194EB /* SerialPathNode.swift */; };
		F2CF807E2180EF67005194EB /* SerialPathNode.swift in Sources */ = {isa = PBXBuildFile; fileRef = F2CF807C2180EF67005194EB /* SerialPathNode.swift */; };
		F2CF808021812053005194EB /* PathNodeController.swift in Sources */ = {isa = PBXBuildFile; fileRef = F2CF807F21812053005194EB /* PathNodeController.swift */; };
		F2CF808121812053005194EB /* PathNodeController.swift in Sources */ = {isa = PBXBuildFile; fileRef = F2CF807F21812053005194EB /* PathNodeController.swift */; };
		F2CF808321812493005194EB /* Utils.swift in Sources */ = {isa = PBXBuildFile; fileRef = F2CF808221812493005194EB /* Utils.swift */; };
		F2CF808421812493005194EB /* Utils.swift in Sources */ = {isa = PBXBuildFile; fileRef = F2CF808221812493005194EB /* Utils.swift */; };
		F2CF80862181311F005194EB /* ShapeNode.swift in Sources */ = {isa = PBXBuildFile; fileRef = F2CF80852181311F005194EB /* ShapeNode.swift */; };
		F2CF80872181311F005194EB /* ShapeNode.swift in Sources */ = {isa = PBXBuildFile; fileRef = F2CF80852181311F005194EB /* ShapeNode.swift */; };
		F2D04B162183C5DD00305EB7 /* Node.swift in Sources */ = {isa = PBXBuildFile; fileRef = F2D04B152183C5DD00305EB7 /* Node.swift */; };
/* End PBXBuildFile section */

/* Begin PBXContainerItemProxy section */
		F2CF806D2180EE6B005194EB /* PBXContainerItemProxy */ = {
			isa = PBXContainerItemProxy;
			containerPortal = F2CF804C2180EE69005194EB /* Project object */;
			proxyType = 1;
			remoteGlobalIDString = F2CF80532180EE69005194EB;
			remoteInfo = Model;
		};
/* End PBXContainerItemProxy section */

/* Begin PBXFileReference section */
		F20E9D2121897E8B002C36CC /* UIPathNode.swift */ = {isa = PBXFileReference; lastKnownFileType = sourcecode.swift; path = UIPathNode.swift; sourceTree = "<group>"; };
		F21CE4E4218571E9000D8CD5 /* NodeScene.swift */ = {isa = PBXFileReference; lastKnownFileType = sourcecode.swift; path = NodeScene.swift; sourceTree = "<group>"; };
		F21CE5162187C4CE000D8CD5 /* NodeTree.swift */ = {isa = PBXFileReference; lastKnownFileType = sourcecode.swift; path = NodeTree.swift; sourceTree = "<group>"; };
		F22673B5218F90C5006A02A5 /* NodesOutputManager.swift */ = {isa = PBXFileReference; lastKnownFileType = sourcecode.swift; path = NodesOutputManager.swift; sourceTree = "<group>"; };
		F22673B9218FA0A0006A02A5 /* NodesManager.swift */ = {isa = PBXFileReference; lastKnownFileType = sourcecode.swift; path = NodesManager.swift; sourceTree = "<group>"; };
		F22673BB218FA2EC006A02A5 /* LogicManager.swift */ = {isa = PBXFileReference; lastKnownFileType = sourcecode.swift; path = LogicManager.swift; sourceTree = "<group>"; };
		F22D59E721828F9B0004B078 /* ShapeNodeController.swift */ = {isa = PBXFileReference; lastKnownFileType = sourcecode.swift; path = ShapeNodeController.swift; sourceTree = "<group>"; };
		F22D59E92186B4BB0004B078 /* InputController.swift */ = {isa = PBXFileReference; lastKnownFileType = sourcecode.swift; path = InputController.swift; sourceTree = "<group>"; };
		F22D59EC2186BEB20004B078 /* NodesModelController.swift */ = {isa = PBXFileReference; lastKnownFileType = sourcecode.swift; path = NodesModelController.swift; sourceTree = "<group>"; };
		F22D59EF2186C3610004B078 /* SceneController.swift */ = {isa = PBXFileReference; lastKnownFileType = sourcecode.swift; path = SceneController.swift; sourceTree = "<group>"; };
		F22D59F12186DE240004B078 /* NodesModel.swift */ = {isa = PBXFileReference; lastKnownFileType = sourcecode.swift; path = NodesModel.swift; sourceTree = "<group>"; };
		F263146621918394007CD683 /* Evaluator.swift */ = {isa = PBXFileReference; fileEncoding = 4; lastKnownFileType = sourcecode.swift; path = Evaluator.swift; sourceTree = "<group>"; };
		F263146721918394007CD683 /* Facts.swift */ = {isa = PBXFileReference; fileEncoding = 4; lastKnownFileType = sourcecode.swift; path = Facts.swift; sourceTree = "<group>"; };
		F263146821918394007CD683 /* Vocab.swift */ = {isa = PBXFileReference; fileEncoding = 4; lastKnownFileType = sourcecode.swift; path = Vocab.swift; sourceTree = "<group>"; };
		F263146921918395007CD683 /* PremiseExpander.swift */ = {isa = PBXFileReference; fileEncoding = 4; lastKnownFileType = sourcecode.swift; path = PremiseExpander.swift; sourceTree = "<group>"; };
		F263146A21918395007CD683 /* Stack.swift */ = {isa = PBXFileReference; fileEncoding = 4; lastKnownFileType = sourcecode.swift; path = Stack.swift; sourceTree = "<group>"; };
		F263146B21918395007CD683 /* Predicate.swift */ = {isa = PBXFileReference; fileEncoding = 4; lastKnownFileType = sourcecode.swift; path = Predicate.swift; sourceTree = "<group>"; };
		F263146C21918395007CD683 /* LogicSystem.swift */ = {isa = PBXFileReference; fileEncoding = 4; lastKnownFileType = sourcecode.swift; path = LogicSystem.swift; sourceTree = "<group>"; };
		F263146D21918395007CD683 /* LogicInterface.swift */ = {isa = PBXFileReference; fileEncoding = 4; lastKnownFileType = sourcecode.swift; path = LogicInterface.swift; sourceTree = "<group>"; };
		F263146E21918395007CD683 /* TreeGraph.swift */ = {isa = PBXFileReference; fileEncoding = 4; lastKnownFileType = sourcecode.swift; path = TreeGraph.swift; sourceTree = "<group>"; };
		F263146F21918395007CD683 /* PremiseTable.swift */ = {isa = PBXFileReference; fileEncoding = 4; lastKnownFileType = sourcecode.swift; path = PremiseTable.swift; sourceTree = "<group>"; };
		F2CF80542180EE69005194EB /* Model.app */ = {isa = PBXFileReference; explicitFileType = wrapper.application; includeInIndex = 0; path = Model.app; sourceTree = BUILT_PRODUCTS_DIR; };
		F2CF80572180EE69005194EB /* AppDelegate.swift */ = {isa = PBXFileReference; lastKnownFileType = sourcecode.swift; path = AppDelegate.swift; sourceTree = "<group>"; };
		F2CF80592180EE69005194EB /* GameScene.sks */ = {isa = PBXFileReference; lastKnownFileType = file.sks; path = GameScene.sks; sourceTree = "<group>"; };
		F2CF805B2180EE69005194EB /* Actions.sks */ = {isa = PBXFileReference; lastKnownFileType = file.sks; path = Actions.sks; sourceTree = "<group>"; };
		F2CF805D2180EE69005194EB /* GameScene.swift */ = {isa = PBXFileReference; lastKnownFileType = sourcecode.swift; path = GameScene.swift; sourceTree = "<group>"; };
		F2CF805F2180EE69005194EB /* NodesFieldViewController.swift */ = {isa = PBXFileReference; lastKnownFileType = sourcecode.swift; path = NodesFieldViewController.swift; sourceTree = "<group>"; };
		F2CF80612180EE6B005194EB /* Assets.xcassets */ = {isa = PBXFileReference; lastKnownFileType = folder.assetcatalog; path = Assets.xcassets; sourceTree = "<group>"; };
		F2CF80642180EE6B005194EB /* Base */ = {isa = PBXFileReference; lastKnownFileType = file.storyboard; name = Base; path = Base.lproj/Main.storyboard; sourceTree = "<group>"; };
		F2CF80662180EE6B005194EB /* Info.plist */ = {isa = PBXFileReference; lastKnownFileType = text.plist.xml; path = Info.plist; sourceTree = "<group>"; };
		F2CF80672180EE6B005194EB /* Model.entitlements */ = {isa = PBXFileReference; lastKnownFileType = text.plist.entitlements; path = Model.entitlements; sourceTree = "<group>"; };
		F2CF806C2180EE6B005194EB /* ModelTests.xctest */ = {isa = PBXFileReference; explicitFileType = wrapper.cfbundle; includeInIndex = 0; path = ModelTests.xctest; sourceTree = BUILT_PRODUCTS_DIR; };
		F2CF80702180EE6B005194EB /* ModelTests.swift */ = {isa = PBXFileReference; lastKnownFileType = sourcecode.swift; path = ModelTests.swift; sourceTree = "<group>"; };
		F2CF80722180EE6B005194EB /* Info.plist */ = {isa = PBXFileReference; lastKnownFileType = text.plist.xml; path = Info.plist; sourceTree = "<group>"; };
		F2CF807C2180EF67005194EB /* SerialPathNode.swift */ = {isa = PBXFileReference; lastKnownFileType = sourcecode.swift; path = SerialPathNode.swift; sourceTree = "<group>"; };
		F2CF807F21812053005194EB /* PathNodeController.swift */ = {isa = PBXFileReference; lastKnownFileType = sourcecode.swift; path = PathNodeController.swift; sourceTree = "<group>"; };
		F2CF808221812493005194EB /* Utils.swift */ = {isa = PBXFileReference; lastKnownFileType = sourcecode.swift; path = Utils.swift; sourceTree = "<group>"; };
		F2CF80852181311F005194EB /* ShapeNode.swift */ = {isa = PBXFileReference; lastKnownFileType = sourcecode.swift; path = ShapeNode.swift; sourceTree = "<group>"; };
		F2D04B152183C5DD00305EB7 /* Node.swift */ = {isa = PBXFileReference; lastKnownFileType = sourcecode.swift; path = Node.swift; sourceTree = "<group>"; };
/* End PBXFileReference section */

/* Begin PBXFrameworksBuildPhase section */
		F2CF80512180EE69005194EB /* Frameworks */ = {
			isa = PBXFrameworksBuildPhase;
			buildActionMask = 2147483647;
			files = (
			);
			runOnlyForDeploymentPostprocessing = 0;
		};
		F2CF80692180EE6B005194EB /* Frameworks */ = {
			isa = PBXFrameworksBuildPhase;
			buildActionMask = 2147483647;
			files = (
			);
			runOnlyForDeploymentPostprocessing = 0;
		};
/* End PBXFrameworksBuildPhase section */

/* Begin PBXGroup section */
		F20E9D1B21896FA8002C36CC /* controllers */ = {
			isa = PBXGroup;
			children = (
				F2CF807F21812053005194EB /* PathNodeController.swift */,
				F22D59E721828F9B0004B078 /* ShapeNodeController.swift */,
			);
			path = controllers;
			sourceTree = "<group>";
		};
		F20E9D1C21896FB7002C36CC /* intelligence */ = {
			isa = PBXGroup;
			children = (
				F263146521918327007CD683 /* logic model */,
				F22673BD218FE76F006A02A5 /* revolvers */,
				F22D59F12186DE240004B078 /* NodesModel.swift */,
			);
			path = intelligence;
			sourceTree = "<group>";
		};
		F20E9D1D21896FCE002C36CC /* nodes */ = {
			isa = PBXGroup;
			children = (
				F2D04B152183C5DD00305EB7 /* Node.swift */,
				F2CF807C2180EF67005194EB /* SerialPathNode.swift */,
				F2CF80852181311F005194EB /* ShapeNode.swift */,
			);
			path = nodes;
			sourceTree = "<group>";
		};
		F21CE4E3218571D3000D8CD5 /* ui */ = {
			isa = PBXGroup;
			children = (
				F21CE4E4218571E9000D8CD5 /* NodeScene.swift */,
				F20E9D2121897E8B002C36CC /* UIPathNode.swift */,
			);
			path = ui;
			sourceTree = "<group>";
		};
		F22673BD218FE76F006A02A5 /* revolvers */ = {
			isa = PBXGroup;
			children = (
				F22673B9218FA0A0006A02A5 /* NodesManager.swift */,
				F22673B5218F90C5006A02A5 /* NodesOutputManager.swift */,
				F22673BB218FA2EC006A02A5 /* LogicManager.swift */,
			);
			path = revolvers;
			sourceTree = "<group>";
		};
		F22D59EB2186BEA50004B078 /* controllers */ = {
			isa = PBXGroup;
			children = (
				F22D59E92186B4BB0004B078 /* InputController.swift */,
				F22D59EC2186BEB20004B078 /* NodesModelController.swift */,
				F22D59EF2186C3610004B078 /* SceneController.swift */,
			);
			path = controllers;
			sourceTree = "<group>";
		};
		F22D59EE2186BF2E0004B078 /* viewControllers */ = {
			isa = PBXGroup;
			children = (
				F2CF805F2180EE69005194EB /* NodesFieldViewController.swift */,
			);
			path = viewControllers;
			sourceTree = "<group>";
		};
		F263146521918327007CD683 /* logic model */ = {
			isa = PBXGroup;
			children = (
				F263146621918394007CD683 /* Evaluator.swift */,
				F263146721918394007CD683 /* Facts.swift */,
				F263146D21918395007CD683 /* LogicInterface.swift */,
				F263146C21918395007CD683 /* LogicSystem.swift */,
				F263146B21918395007CD683 /* Predicate.swift */,
				F263146921918395007CD683 /* PremiseExpander.swift */,
				F263146F21918395007CD683 /* PremiseTable.swift */,
				F263146A21918395007CD683 /* Stack.swift */,
				F263146E21918395007CD683 /* TreeGraph.swift */,
				F263146821918394007CD683 /* Vocab.swift */,
			);
			path = "logic model";
			sourceTree = "<group>";
		};
		F2CF804B2180EE69005194EB = {
			isa = PBXGroup;
			children = (
				F2CF80562180EE69005194EB /* Model */,
				F2CF806F2180EE6B005194EB /* ModelTests */,
				F2CF80552180EE69005194EB /* Products */,
			);
			sourceTree = "<group>";
		};
		F2CF80552180EE69005194EB /* Products */ = {
			isa = PBXGroup;
			children = (
				F2CF80542180EE69005194EB /* Model.app */,
				F2CF806C2180EE6B005194EB /* ModelTests.xctest */,
			);
			name = Products;
			sourceTree = "<group>";
		};
		F2CF80562180EE69005194EB /* Model */ = {
			isa = PBXGroup;
			children = (
				F22D59EE2186BF2E0004B078 /* viewControllers */,
				F22D59EB2186BEA50004B078 /* controllers */,
				F21CE4E3218571D3000D8CD5 /* ui */,
				F2CF807B2180EEC9005194EB /* model */,
				F2CF80572180EE69005194EB /* AppDelegate.swift */,
				F2CF80592180EE69005194EB /* GameScene.sks */,
				F2CF805B2180EE69005194EB /* Actions.sks */,
				F2CF805D2180EE69005194EB /* GameScene.swift */,
				F2CF80612180EE6B005194EB /* Assets.xcassets */,
				F2CF80632180EE6B005194EB /* Main.storyboard */,
				F2CF80662180EE6B005194EB /* Info.plist */,
				F2CF80672180EE6B005194EB /* Model.entitlements */,
			);
			path = Model;
			sourceTree = "<group>";
		};
		F2CF806F2180EE6B005194EB /* ModelTests */ = {
			isa = PBXGroup;
			children = (
				F2CF80702180EE6B005194EB /* ModelTests.swift */,
				F2CF80722180EE6B005194EB /* Info.plist */,
			);
			path = ModelTests;
			sourceTree = "<group>";
		};
		F2CF807B2180EEC9005194EB /* model */ = {
			isa = PBXGroup;
			children = (
				F20E9D1D21896FCE002C36CC /* nodes */,
				F20E9D1C21896FB7002C36CC /* intelligence */,
				F20E9D1B21896FA8002C36CC /* controllers */,
				F2CF808221812493005194EB /* Utils.swift */,
				F21CE5162187C4CE000D8CD5 /* NodeTree.swift */,
			);
			path = model;
			sourceTree = "<group>";
		};
/* End PBXGroup section */

/* Begin PBXNativeTarget section */
		F2CF80532180EE69005194EB /* Model */ = {
			isa = PBXNativeTarget;
			buildConfigurationList = F2CF80752180EE6B005194EB /* Build configuration list for PBXNativeTarget "Model" */;
			buildPhases = (
				F2CF80502180EE69005194EB /* Sources */,
				F2CF80512180EE69005194EB /* Frameworks */,
				F2CF80522180EE69005194EB /* Resources */,
			);
			buildRules = (
			);
			dependencies = (
			);
			name = Model;
			productName = Model;
			productReference = F2CF80542180EE69005194EB /* Model.app */;
			productType = "com.apple.product-type.application";
		};
		F2CF806B2180EE6B005194EB /* ModelTests */ = {
			isa = PBXNativeTarget;
			buildConfigurationList = F2CF80782180EE6B005194EB /* Build configuration list for PBXNativeTarget "ModelTests" */;
			buildPhases = (
				F2CF80682180EE6B005194EB /* Sources */,
				F2CF80692180EE6B005194EB /* Frameworks */,
				F2CF806A2180EE6B005194EB /* Resources */,
			);
			buildRules = (
			);
			dependencies = (
				F2CF806E2180EE6B005194EB /* PBXTargetDependency */,
			);
			name = ModelTests;
			productName = ModelTests;
			productReference = F2CF806C2180EE6B005194EB /* ModelTests.xctest */;
			productType = "com.apple.product-type.bundle.unit-test";
		};
/* End PBXNativeTarget section */

/* Begin PBXProject section */
		F2CF804C2180EE69005194EB /* Project object */ = {
			isa = PBXProject;
			attributes = {
				LastSwiftUpdateCheck = 1000;
				LastUpgradeCheck = 1000;
				ORGANIZATIONNAME = "Zackori Cui";
				TargetAttributes = {
					F2CF80532180EE69005194EB = {
						CreatedOnToolsVersion = 10.0;
					};
					F2CF806B2180EE6B005194EB = {
						CreatedOnToolsVersion = 10.0;
						TestTargetID = F2CF80532180EE69005194EB;
					};
				};
			};
			buildConfigurationList = F2CF804F2180EE69005194EB /* Build configuration list for PBXProject "Model" */;
			compatibilityVersion = "Xcode 9.3";
			developmentRegion = en;
			hasScannedForEncodings = 0;
			knownRegions = (
				en,
				Base,
			);
			mainGroup = F2CF804B2180EE69005194EB;
			productRefGroup = F2CF80552180EE69005194EB /* Products */;
			projectDirPath = "";
			projectRoot = "";
			targets = (
				F2CF80532180EE69005194EB /* Model */,
				F2CF806B2180EE6B005194EB /* ModelTests */,
			);
		};
/* End PBXProject section */

/* Begin PBXResourcesBuildPhase section */
		F2CF80522180EE69005194EB /* Resources */ = {
			isa = PBXResourcesBuildPhase;
			buildActionMask = 2147483647;
			files = (
				F2CF805A2180EE69005194EB /* GameScene.sks in Resources */,
				F2CF80622180EE6B005194EB /* Assets.xcassets in Resources */,
				F2CF805C2180EE69005194EB /* Actions.sks in Resources */,
				F2CF80652180EE6B005194EB /* Main.storyboard in Resources */,
			);
			runOnlyForDeploymentPostprocessing = 0;
		};
		F2CF806A2180EE6B005194EB /* Resources */ = {
			isa = PBXResourcesBuildPhase;
			buildActionMask = 2147483647;
			files = (
			);
			runOnlyForDeploymentPostprocessing = 0;
		};
/* End PBXResourcesBuildPhase section */

/* Begin PBXSourcesBuildPhase section */
		F2CF80502180EE69005194EB /* Sources */ = {
			isa = PBXSourcesBuildPhase;
			buildActionMask = 2147483647;
			files = (
				F263147821918395007CD683 /* TreeGraph.swift in Sources */,
				F2CF808021812053005194EB /* PathNodeController.swift in Sources */,
				F263147221918395007CD683 /* Vocab.swift in Sources */,
				F21CE5172187C4CE000D8CD5 /* NodeTree.swift in Sources */,
				F2CF807D2180EF67005194EB /* SerialPathNode.swift in Sources */,
				F263147421918395007CD683 /* Stack.swift in Sources */,
				F22673BC218FA2EC006A02A5 /* LogicManager.swift in Sources */,
				F22D59F02186C3610004B078 /* SceneController.swift in Sources */,
				F263147621918395007CD683 /* LogicSystem.swift in Sources */,
				F263147021918395007CD683 /* Evaluator.swift in Sources */,
				F22673B6218F90C5006A02A5 /* NodesOutputManager.swift in Sources */,
				F263147121918395007CD683 /* Facts.swift in Sources */,
				F21CE4E5218571E9000D8CD5 /* NodeScene.swift in Sources */,
				F2CF80602180EE69005194EB /* NodesFieldViewController.swift in Sources */,
				F263147721918395007CD683 /* LogicInterface.swift in Sources */,
				F2D04B162183C5DD00305EB7 /* Node.swift in Sources */,
				F20E9D2221897E8B002C36CC /* UIPathNode.swift in Sources */,
				F2CF805E2180EE69005194EB /* GameScene.swift in Sources */,
				F2CF80582180EE69005194EB /* AppDelegate.swift in Sources */,
				F22D59E821828F9B0004B078 /* ShapeNodeController.swift in Sources */,
				F263147321918395007CD683 /* PremiseExpander.swift in Sources */,
				F2CF808321812493005194EB /* Utils.swift in Sources */,
				F22D59ED2186BEB20004B078 /* NodesModelController.swift in Sources */,
				F263147921918395007CD683 /* PremiseTable.swift in Sources */,
				F22D59EA2186B4BC0004B078 /* InputController.swift in Sources */,
				F22673BA218FA0A0006A02A5 /* NodesManager.swift in Sources */,
				F263147521918395007CD683 /* Predicate.swift in Sources */,
				F2CF80862181311F005194EB /* ShapeNode.swift in Sources */,
				F22D59F22186DE240004B078 /* NodesModel.swift in Sources */,
			);
			runOnlyForDeploymentPostprocessing = 0;
		};
		F2CF80682180EE6B005194EB /* Sources */ = {
			isa = PBXSourcesBuildPhase;
			buildActionMask = 2147483647;
			files = (
				F2CF80872181311F005194EB /* ShapeNode.swift in Sources */,
				F2CF807E2180EF67005194EB /* SerialPathNode.swift in Sources */,
				F2CF808121812053005194EB /* PathNodeController.swift in Sources */,
				F20E9D1E21896FE8002C36CC /* Node.swift in Sources */,
				F2CF80712180EE6B005194EB /* ModelTests.swift in Sources */,
				F2CF808421812493005194EB /* Utils.swift in Sources */,
			);
			runOnlyForDeploymentPostprocessing = 0;
		};
/* End PBXSourcesBuildPhase section */

/* Begin PBXTargetDependency section */
		F2CF806E2180EE6B005194EB /* PBXTargetDependency */ = {
			isa = PBXTargetDependency;
			target = F2CF80532180EE69005194EB /* Model */;
			targetProxy = F2CF806D2180EE6B005194EB /* PBXContainerItemProxy */;
		};
/* End PBXTargetDependency section */

/* Begin PBXVariantGroup section */
		F2CF80632180EE6B005194EB /* Main.storyboard */ = {
			isa = PBXVariantGroup;
			children = (
				F2CF80642180EE6B005194EB /* Base */,
			);
			name = Main.storyboard;
			sourceTree = "<group>";
		};
/* End PBXVariantGroup section */

/* Begin XCBuildConfiguration section */
		F2CF80732180EE6B005194EB /* Debug */ = {
			isa = XCBuildConfiguration;
			buildSettings = {
				ALWAYS_SEARCH_USER_PATHS = NO;
				CLANG_ANALYZER_NONNULL = YES;
				CLANG_ANALYZER_NUMBER_OBJECT_CONVERSION = YES_AGGRESSIVE;
				CLANG_CXX_LANGUAGE_STANDARD = "gnu++14";
				CLANG_CXX_LIBRARY = "libc++";
				CLANG_ENABLE_MODULES = YES;
				CLANG_ENABLE_OBJC_ARC = YES;
				CLANG_ENABLE_OBJC_WEAK = YES;
				CLANG_WARN_BLOCK_CAPTURE_AUTORELEASING = YES;
				CLANG_WARN_BOOL_CONVERSION = YES;
				CLANG_WARN_COMMA = YES;
				CLANG_WARN_CONSTANT_CONVERSION = YES;
				CLANG_WARN_DEPRECATED_OBJC_IMPLEMENTATIONS = YES;
				CLANG_WARN_DIRECT_OBJC_ISA_USAGE = YES_ERROR;
				CLANG_WARN_DOCUMENTATION_COMMENTS = YES;
				CLANG_WARN_EMPTY_BODY = YES;
				CLANG_WARN_ENUM_CONVERSION = YES;
				CLANG_WARN_INFINITE_RECURSION = YES;
				CLANG_WARN_INT_CONVERSION = YES;
				CLANG_WARN_NON_LITERAL_NULL_CONVERSION = YES;
				CLANG_WARN_OBJC_IMPLICIT_RETAIN_SELF = YES;
				CLANG_WARN_OBJC_LITERAL_CONVERSION = YES;
				CLANG_WARN_OBJC_ROOT_CLASS = YES_ERROR;
				CLANG_WARN_RANGE_LOOP_ANALYSIS = YES;
				CLANG_WARN_STRICT_PROTOTYPES = YES;
				CLANG_WARN_SUSPICIOUS_MOVE = YES;
				CLANG_WARN_UNGUARDED_AVAILABILITY = YES_AGGRESSIVE;
				CLANG_WARN_UNREACHABLE_CODE = YES;
				CLANG_WARN__DUPLICATE_METHOD_MATCH = YES;
				CODE_SIGN_IDENTITY = "Mac Developer";
				COPY_PHASE_STRIP = NO;
				DEBUG_INFORMATION_FORMAT = dwarf;
				ENABLE_STRICT_OBJC_MSGSEND = YES;
				ENABLE_TESTABILITY = YES;
				GCC_C_LANGUAGE_STANDARD = gnu11;
				GCC_DYNAMIC_NO_PIC = NO;
				GCC_NO_COMMON_BLOCKS = YES;
				GCC_OPTIMIZATION_LEVEL = 0;
				GCC_PREPROCESSOR_DEFINITIONS = (
					"DEBUG=1",
					"$(inherited)",
				);
				GCC_WARN_64_TO_32_BIT_CONVERSION = YES;
				GCC_WARN_ABOUT_RETURN_TYPE = YES_ERROR;
				GCC_WARN_UNDECLARED_SELECTOR = YES;
				GCC_WARN_UNINITIALIZED_AUTOS = YES_AGGRESSIVE;
				GCC_WARN_UNUSED_FUNCTION = YES;
				GCC_WARN_UNUSED_VARIABLE = YES;
				MACOSX_DEPLOYMENT_TARGET = 10.13;
				MTL_ENABLE_DEBUG_INFO = INCLUDE_SOURCE;
				MTL_FAST_MATH = YES;
				ONLY_ACTIVE_ARCH = YES;
				SDKROOT = macosx;
				SWIFT_ACTIVE_COMPILATION_CONDITIONS = DEBUG;
				SWIFT_OPTIMIZATION_LEVEL = "-Onone";
			};
			name = Debug;
		};
		F2CF80742180EE6B005194EB /* Release */ = {
			isa = XCBuildConfiguration;
			buildSettings = {
				ALWAYS_SEARCH_USER_PATHS = NO;
				CLANG_ANALYZER_NONNULL = YES;
				CLANG_ANALYZER_NUMBER_OBJECT_CONVERSION = YES_AGGRESSIVE;
				CLANG_CXX_LANGUAGE_STANDARD = "gnu++14";
				CLANG_CXX_LIBRARY = "libc++";
				CLANG_ENABLE_MODULES = YES;
				CLANG_ENABLE_OBJC_ARC = YES;
				CLANG_ENABLE_OBJC_WEAK = YES;
				CLANG_WARN_BLOCK_CAPTURE_AUTORELEASING = YES;
				CLANG_WARN_BOOL_CONVERSION = YES;
				CLANG_WARN_COMMA = YES;
				CLANG_WARN_CONSTANT_CONVERSION = YES;
				CLANG_WARN_DEPRECATED_OBJC_IMPLEMENTATIONS = YES;
				CLANG_WARN_DIRECT_OBJC_ISA_USAGE = YES_ERROR;
				CLANG_WARN_DOCUMENTATION_COMMENTS = YES;
				CLANG_WARN_EMPTY_BODY = YES;
				CLANG_WARN_ENUM_CONVERSION = YES;
				CLANG_WARN_INFINITE_RECURSION = YES;
				CLANG_WARN_INT_CONVERSION = YES;
				CLANG_WARN_NON_LITERAL_NULL_CONVERSION = YES;
				CLANG_WARN_OBJC_IMPLICIT_RETAIN_SELF = YES;
				CLANG_WARN_OBJC_LITERAL_CONVERSION = YES;
				CLANG_WARN_OBJC_ROOT_CLASS = YES_ERROR;
				CLANG_WARN_RANGE_LOOP_ANALYSIS = YES;
				CLANG_WARN_STRICT_PROTOTYPES = YES;
				CLANG_WARN_SUSPICIOUS_MOVE = YES;
				CLANG_WARN_UNGUARDED_AVAILABILITY = YES_AGGRESSIVE;
				CLANG_WARN_UNREACHABLE_CODE = YES;
				CLANG_WARN__DUPLICATE_METHOD_MATCH = YES;
				CODE_SIGN_IDENTITY = "Mac Developer";
				COPY_PHASE_STRIP = NO;
				DEBUG_INFORMATION_FORMAT = "dwarf-with-dsym";
				ENABLE_NS_ASSERTIONS = NO;
				ENABLE_STRICT_OBJC_MSGSEND = YES;
				GCC_C_LANGUAGE_STANDARD = gnu11;
				GCC_NO_COMMON_BLOCKS = YES;
				GCC_WARN_64_TO_32_BIT_CONVERSION = YES;
				GCC_WARN_ABOUT_RETURN_TYPE = YES_ERROR;
				GCC_WARN_UNDECLARED_SELECTOR = YES;
				GCC_WARN_UNINITIALIZED_AUTOS = YES_AGGRESSIVE;
				GCC_WARN_UNUSED_FUNCTION = YES;
				GCC_WARN_UNUSED_VARIABLE = YES;
				MACOSX_DEPLOYMENT_TARGET = 10.13;
				MTL_ENABLE_DEBUG_INFO = NO;
				MTL_FAST_MATH = YES;
				SDKROOT = macosx;
				SWIFT_COMPILATION_MODE = wholemodule;
				SWIFT_OPTIMIZATION_LEVEL = "-O";
			};
			name = Release;
		};
		F2CF80762180EE6B005194EB /* Debug */ = {
			isa = XCBuildConfiguration;
			buildSettings = {
				ASSETCATALOG_COMPILER_APPICON_NAME = AppIcon;
				CODE_SIGN_ENTITLEMENTS = Model/Model.entitlements;
				CODE_SIGN_STYLE = Automatic;
				COMBINE_HIDPI_IMAGES = YES;
				DEVELOPMENT_TEAM = 7F7BS4L457;
				INFOPLIST_FILE = Model/Info.plist;
				LD_RUNPATH_SEARCH_PATHS = (
					"$(inherited)",
					"@executable_path/../Frameworks",
				);
				PRODUCT_BUNDLE_IDENTIFIER = dsf.Model;
				PRODUCT_NAME = "$(TARGET_NAME)";
				SWIFT_VERSION = 4.2;
			};
			name = Debug;
		};
		F2CF80772180EE6B005194EB /* Release */ = {
			isa = XCBuildConfiguration;
			buildSettings = {
				ASSETCATALOG_COMPILER_APPICON_NAME = AppIcon;
				CODE_SIGN_ENTITLEMENTS = Model/Model.entitlements;
				CODE_SIGN_STYLE = Automatic;
				COMBINE_HIDPI_IMAGES = YES;
				DEVELOPMENT_TEAM = 7F7BS4L457;
				INFOPLIST_FILE = Model/Info.plist;
				LD_RUNPATH_SEARCH_PATHS = (
					"$(inherited)",
					"@executable_path/../Frameworks",
				);
				PRODUCT_BUNDLE_IDENTIFIER = dsf.Model;
				PRODUCT_NAME = "$(TARGET_NAME)";
				SWIFT_VERSION = 4.2;
			};
			name = Release;
		};
		F2CF80792180EE6B005194EB /* Debug */ = {
			isa = XCBuildConfiguration;
			buildSettings = {
				ALWAYS_EMBED_SWIFT_STANDARD_LIBRARIES = YES;
				BUNDLE_LOADER = "$(TEST_HOST)";
				CODE_SIGN_STYLE = Automatic;
				COMBINE_HIDPI_IMAGES = YES;
				DEVELOPMENT_TEAM = 7F7BS4L457;
				INFOPLIST_FILE = ModelTests/Info.plist;
				LD_RUNPATH_SEARCH_PATHS = (
					"$(inherited)",
					"@executable_path/../Frameworks",
					"@loader_path/../Frameworks",
				);
				PRODUCT_BUNDLE_IDENTIFIER = dsf.ModelTests;
				PRODUCT_NAME = "$(TARGET_NAME)";
				SWIFT_VERSION = 4.2;
				TEST_HOST = "$(BUILT_PRODUCTS_DIR)/Model.app/Contents/MacOS/Model";
			};
			name = Debug;
		};
		F2CF807A2180EE6B005194EB /* Release */ = {
			isa = XCBuildConfiguration;
			buildSettings = {
				ALWAYS_EMBED_SWIFT_STANDARD_LIBRARIES = YES;
				BUNDLE_LOADER = "$(TEST_HOST)";
				CODE_SIGN_STYLE = Automatic;
				COMBINE_HIDPI_IMAGES = YES;
				DEVELOPMENT_TEAM = 7F7BS4L457;
				INFOPLIST_FILE = ModelTests/Info.plist;
				LD_RUNPATH_SEARCH_PATHS = (
					"$(inherited)",
					"@executable_path/../Frameworks",
					"@loader_path/../Frameworks",
				);
				PRODUCT_BUNDLE_IDENTIFIER = dsf.ModelTests;
				PRODUCT_NAME = "$(TARGET_NAME)";
				SWIFT_VERSION = 4.2;
				TEST_HOST = "$(BUILT_PRODUCTS_DIR)/Model.app/Contents/MacOS/Model";
			};
			name = Release;
		};
/* End XCBuildConfiguration section */

/* Begin XCConfigurationList section */
		F2CF804F2180EE69005194EB /* Build configuration list for PBXProject "Model" */ = {
			isa = XCConfigurationList;
			buildConfigurations = (
				F2CF80732180EE6B005194EB /* Debug */,
				F2CF80742180EE6B005194EB /* Release */,
			);
			defaultConfigurationIsVisible = 0;
			defaultConfigurationName = Release;
		};
		F2CF80752180EE6B005194EB /* Build configuration list for PBXNativeTarget "Model" */ = {
			isa = XCConfigurationList;
			buildConfigurations = (
				F2CF80762180EE6B005194EB /* Debug */,
				F2CF80772180EE6B005194EB /* Release */,
			);
			defaultConfigurationIsVisible = 0;
			defaultConfigurationName = Release;
		};
		F2CF80782180EE6B005194EB /* Build configuration list for PBXNativeTarget "ModelTests" */ = {
			isa = XCConfigurationList;
			buildConfigurations = (
				F2CF80792180EE6B005194EB /* Debug */,
				F2CF807A2180EE6B005194EB /* Release */,
			);
			defaultConfigurationIsVisible = 0;
			defaultConfigurationName = Release;
		};
/* End XCConfigurationList section */
	};
	rootObject = F2CF804C2180EE69005194EB /* Project object */;
}
